// !$*UTF8*$!
{
	archiveVersion = 1;
	classes = {
	};
	objectVersion = 77;
	objects = {

/* Begin PBXBuildFile section */
		6A2D61C72C1C000100A00001 /* OmniDeskApp.swift in Sources */ = {isa = PBXBuildFile; fileRef = 6A2D61C22C1C000100A00001 /* OmniDeskApp.swift */; };
		6A2D61C82C1C000100A00001 /* DashboardView.swift in Sources */ = {isa = PBXBuildFile; fileRef = 6A2D61C32C1C000100A00001 /* DashboardView.swift */; };
		6A2D61C92C1C000100A00001 /* Models.swift in Sources */ = {isa = PBXBuildFile; fileRef = 6A2D61C42C1C000100A00001 /* Models.swift */; };
		6A2D61CA2C1C000100A00001 /* Assets.xcassets in Resources */ = {isa = PBXBuildFile; fileRef = 6A2D61C52C1C000100A00001 /* Assets.xcassets */; };
		6A2D61CB2C1C000100A00001 /* NotificationManager.swift in Sources */ = {isa = PBXBuildFile; fileRef = 6A2D61CC2C1C000100A00001 /* NotificationManager.swift */; };
		6A2D61CD2C1C000100A00001 /* AuthManager.swift in Sources */ = {isa = PBXBuildFile; fileRef = 6A2D61CE2C1C000100A00001 /* AuthManager.swift */; };
		6A2D61CF2C1C000100A00001 /* AssistantManager.swift in Sources */ = {isa = PBXBuildFile; fileRef = 6A2D61D52C1C000100A00001 /* AssistantManager.swift */; };
		6A2D61D82C1C000100A00001 /* Shopify Sales Sound.mp3 in Resources */ = {isa = PBXBuildFile; fileRef = 6A2D61D92C1C000100A00001 /* Shopify Sales Sound.mp3 */; };
		6A2D61DA2C1C000100A00001 /* ShopifyIntegration.swift in Sources */ = {isa = PBXBuildFile; fileRef = 6A2D61DB2C1C000100A00001 /* ShopifyIntegration.swift */; };
		6A2D61DC2C1C000100A00001 /* IntegrationAdmin.swift in Sources */ = {isa = PBXBuildFile; fileRef = 6A2D61DD2C1C000100A00001 /* IntegrationAdmin.swift */; };
		6A2D61DE2C1C000100A00001 /* Clerk in Frameworks */ = {isa = PBXBuildFile; productRef = 6A2D61E02C1C000100A00001 /* Clerk */; };
		6A2D61E32C1C000100A00001 /* UserWorkspace.swift in Sources */ = {isa = PBXBuildFile; fileRef = 6A2D61E42C1C000100A00001 /* UserWorkspace.swift */; };
/* End PBXBuildFile section */

/* Begin PBXFileReference section */
		6A2D61BD2C1C000100A00001 /* OmniDesk.app */ = {isa = PBXFileReference; explicitFileType = wrapper.application; includeInIndex = 0; path = OmniDesk.app; sourceTree = BUILT_PRODUCTS_DIR; };
		6A2D61C22C1C000100A00001 /* OmniDeskApp.swift */ = {isa = PBXFileReference; lastKnownFileType = sourcecode.swift; path = OmniDeskApp.swift; sourceTree = "<group>"; };
		6A2D61C32C1C000100A00001 /* DashboardView.swift */ = {isa = PBXFileReference; lastKnownFileType = sourcecode.swift; path = DashboardView.swift; sourceTree = "<group>"; };
		6A2D61C42C1C000100A00001 /* Models.swift */ = {isa = PBXFileReference; lastKnownFileType = sourcecode.swift; path = Models.swift; sourceTree = "<group>"; };
		6A2D61C52C1C000100A00001 /* Assets.xcassets */ = {isa = PBXFileReference; lastKnownFileType = folder.assetcatalog; path = Assets.xcassets; sourceTree = "<group>"; };
		6A2D61C62C1C000100A00001 /* Info.plist */ = {isa = PBXFileReference; lastKnownFileType = text.plist.xml; path = Info.plist; sourceTree = "<group>"; };
		6A2D61CC2C1C000100A00001 /* NotificationManager.swift */ = {isa = PBXFileReference; lastKnownFileType = sourcecode.swift; path = NotificationManager.swift; sourceTree = "<group>"; };
		6A2D61CE2C1C000100A00001 /* AuthManager.swift */ = {isa = PBXFileReference; lastKnownFileType = sourcecode.swift; path = AuthManager.swift; sourceTree = "<group>"; };
		6A2D61D52C1C000100A00001 /* AssistantManager.swift */ = {isa = PBXFileReference; lastKnownFileType = sourcecode.swift; path = AssistantManager.swift; sourceTree = "<group>"; };
		6A2D61D92C1C000100A00001 /* Shopify Sales Sound.mp3 */ = {isa = PBXFileReference; lastKnownFileType = audio.mp3; path = "Shopify Sales Sound.mp3"; sourceTree = "<group>"; };
		6A2D61DB2C1C000100A00001 /* ShopifyIntegration.swift */ = {isa = PBXFileReference; lastKnownFileType = sourcecode.swift; path = ShopifyIntegration.swift; sourceTree = "<group>"; };
		6A2D61DD2C1C000100A00001 /* IntegrationAdmin.swift */ = {isa = PBXFileReference; lastKnownFileType = sourcecode.swift; path = IntegrationAdmin.swift; sourceTree = "<group>"; };
		6A2D61E42C1C000100A00001 /* UserWorkspace.swift */ = {isa = PBXFileReference; lastKnownFileType = sourcecode.swift; path = UserWorkspace.swift; sourceTree = "<group>"; };
/* End PBXFileReference section */

/* Begin PBXFrameworksBuildPhase section */
		6A2D61BA2C1C000100A00001 /* Frameworks */ = {
			isa = PBXFrameworksBuildPhase;
			buildActionMask = 2147483647;
			files = (
				6A2D61DE2C1C000100A00001 /* Clerk in Frameworks */,
			);
			runOnlyForDeploymentPostprocessing = 0;
		};
/* End PBXFrameworksBuildPhase section */

/* Begin PBXGroup section */
		6A2D61B42C1C000100A00001 = {
			isa = PBXGroup;
			children = (
				6A2D61C12C1C000100A00001 /* OmniDesk */,
				6A2D61BE2C1C000100A00001 /* Products */,
			);
			sourceTree = "<group>";
		};
		6A2D61BE2C1C000100A00001 /* Products */ = {
			isa = PBXGroup;
			children = (
				6A2D61BD2C1C000100A00001 /* OmniDesk.app */,
			);
			name = Products;
			sourceTree = "<group>";
		};
		6A2D61C12C1C000100A00001 /* OmniDesk */ = {
			isa = PBXGroup;
			children = (
				6A2D61C22C1C000100A00001 /* OmniDeskApp.swift */,
				6A2D61C32C1C000100A00001 /* DashboardView.swift */,
				6A2D61C42C1C000100A00001 /* Models.swift */,
				6A2D61CC2C1C000100A00001 /* NotificationManager.swift */,
				6A2D61CE2C1C000100A00001 /* AuthManager.swift */,
				6A2D61D52C1C000100A00001 /* AssistantManager.swift */,
				6A2D61DB2C1C000100A00001 /* ShopifyIntegration.swift */,
				6A2D61DD2C1C000100A00001 /* IntegrationAdmin.swift */,
				6A2D61E42C1C000100A00001 /* UserWorkspace.swift */,
				6A2D61D92C1C000100A00001 /* Shopify Sales Sound.mp3 */,
				6A2D61C52C1C000100A00001 /* Assets.xcassets */,
				6A2D61C62C1C000100A00001 /* Info.plist */,
			);
			path = OmniDesk;
			sourceTree = "<group>";
		};
/* End PBXGroup section */

/* Begin PBXNativeTarget section */
		6A2D61BC2C1C000100A00001 /* OmniDesk */ = {
			isa = PBXNativeTarget;
			buildConfigurationList = 6A2D61D42C1C000100A00001 /* Build configuration list for PBXNativeTarget "OmniDesk" */;
			buildPhases = (
				6A2D61B92C1C000100A00001 /* Sources */,
				6A2D61BA2C1C000100A00001 /* Frameworks */,
				6A2D61BB2C1C000100A00001 /* Resources */,
			);
			buildRules = (
			);
			dependencies = (
			);
			name = OmniDesk;
			packageProductDependencies = (
				6A2D61E02C1C000100A00001 /* Clerk */,
			);
			productName = OmniDesk;
			productReference = 6A2D61BD2C1C000100A00001 /* OmniDesk.app */;
			productType = "com.apple.product-type.application";
		};
/* End PBXNativeTarget section */

/* Begin PBXProject section */
		6A2D61B52C1C000100A00001 /* Project object */ = {
			isa = PBXProject;
			attributes = {
				BuildIndependentTargetsInParallel = 1;
				LastSwiftUpdateCheck = 2650;
				LastUpgradeCheck = 2650;
				TargetAttributes = {
					6A2D61BC2C1C000100A00001 = {
						CreatedOnToolsVersion = 26.5;
					};
				};
			};
			buildConfigurationList = 6A2D61B82C1C000100A00001 /* Build configuration list for PBXProject "OmniDesk" */;
			developmentRegion = en;
			hasScannedForEncodings = 0;
			knownRegions = (
				en,
				Base,
			);
			mainGroup = 6A2D61B42C1C000100A00001;
			minimizedProjectReferenceProxies = 1;
			packageReferences = (
				6A2D61E22C1C000100A00001 /* XCRemoteSwiftPackageReference "clerk-ios" */,
			);
			preferredProjectObjectVersion = 77;
			productRefGroup = 6A2D61BE2C1C000100A00001 /* Products */;
			projectDirPath = "";
			projectRoot = "";
			targets = (
				6A2D61BC2C1C000100A00001 /* OmniDesk */,
			);
		};
/* End PBXProject section */

/* Begin PBXResourcesBuildPhase section */
		6A2D61BB2C1C000100A00001 /* Resources */ = {
			isa = PBXResourcesBuildPhase;
			buildActionMask = 2147483647;
			files = (
				6A2D61CA2C1C000100A00001 /* Assets.xcassets in Resources */,
				6A2D61D82C1C000100A00001 /* Shopify Sales Sound.mp3 in Resources */,
			);
			runOnlyForDeploymentPostprocessing = 0;
		};
/* End PBXResourcesBuildPhase section */

/* Begin PBXSourcesBuildPhase section */
		6A2D61B92C1C000100A00001 /* Sources */ = {
			isa = PBXSourcesBuildPhase;
			buildActionMask = 2147483647;
			files = (
				6A2D61C72C1C000100A00001 /* OmniDeskApp.swift in Sources */,
				6A2D61C82C1C000100A00001 /* DashboardView.swift in Sources */,
				6A2D61C92C1C000100A00001 /* Models.swift in Sources */,
				6A2D61CB2C1C000100A00001 /* NotificationManager.swift in Sources */,
				6A2D61CD2C1C000100A00001 /* AuthManager.swift in Sources */,
				6A2D61CF2C1C000100A00001 /* AssistantManager.swift in Sources */,
				6A2D61DA2C1C000100A00001 /* ShopifyIntegration.swift in Sources */,
				6A2D61DC2C1C000100A00001 /* IntegrationAdmin.swift in Sources */,
				6A2D61E32C1C000100A00001 /* UserWorkspace.swift in Sources */,
			);
			runOnlyForDeploymentPostprocessing = 0;
		};
/* End PBXSourcesBuildPhase section */

/* Begin XCBuildConfiguration section */
		6A2D61D02C1C000100A00001 /* Debug */ = {
			isa = XCBuildConfiguration;
			buildSettings = {
				ALWAYS_SEARCH_USER_PATHS = NO;
				CLANG_ANALYZER_NONNULL = YES;
				CLANG_ANALYZER_NUMBER_OBJECT_CONVERSION = YES_AGGRESSIVE;
				CLANG_CXX_LANGUAGE_STANDARD = "gnu++20";
				CLANG_ENABLE_MODULES = YES;
				CLANG_ENABLE_OBJC_ARC = YES;
				CLANG_ENABLE_OBJC_WEAK = YES;
				CLANG_WARN_BLOCK_CAPTURE_AUTORELEASING = YES;
				CLANG_WARN_BOOL_CONVERSION = YES;
				CLANG_WARN_COMMA = YES;
				CLANG_WARN_CONSTANT_CONVERSION = YES;
				CLANG_WARN_DEPRECATED_OBJC_IMPLEMENTATIONS = YES;
				CLANG_WARN_DIRECT_OBJC_ISA_USAGE = YES_ERROR;
				CLANG_WARN_DOCUMENTATION_COMMENTS = YES;
				CLANG_WARN_EMPTY_BODY = YES;
				CLANG_WARN_ENUM_CONVERSION = YES;
				CLANG_WARN_INFINITE_RECURSION = YES;
				CLANG_WARN_INT_CONVERSION = YES;
				CLANG_WARN_NON_LITERAL_NULL_CONVERSION = YES;
				CLANG_WARN_OBJC_IMPLICIT_RETAIN_SELF = YES;
				CLANG_WARN_OBJC_LITERAL_CONVERSION = YES;
				CLANG_WARN_OBJC_ROOT_CLASS = YES_ERROR;
				CLANG_WARN_QUOTED_INCLUDE_IN_FRAMEWORK_HEADER = YES;
				CLANG_WARN_RANGE_LOOP_ANALYSIS = YES;
				CLANG_WARN_STRICT_PROTOTYPES = YES;
				CLANG_WARN_SUSPICIOUS_MOVE = YES;
				CLANG_WARN_UNGUARDED_AVAILABILITY = YES_AGGRESSIVE;
				CLANG_WARN_UNREACHABLE_CODE = YES;
				CLANG_WARN__DUPLICATE_METHOD_MATCH = YES;
				COPY_PHASE_STRIP = NO;
				DEBUG_INFORMATION_FORMAT = dwarf;
				ENABLE_STRICT_OBJC_MSGSEND = YES;
				ENABLE_TESTABILITY = YES;
				ENABLE_USER_SCRIPT_SANDBOXING = YES;
				GCC_C_LANGUAGE_STANDARD = gnu17;
				GCC_DYNAMIC_NO_PIC = NO;
				GCC_NO_COMMON_BLOCKS = YES;
				GCC_OPTIMIZATION_LEVEL = 0;
				GCC_PREPROCESSOR_DEFINITIONS = (
					"DEBUG=1",
					"$(inherited)",
				);
				GCC_WARN_64_TO_32_BIT_CONVERSION = YES;
				GCC_WARN_ABOUT_RETURN_TYPE = YES_ERROR;
				GCC_WARN_UNDECLARED_SELECTOR = YES;
				GCC_WARN_UNINITIALIZED_AUTOS = YES_AGGRESSIVE;
				GCC_WARN_UNUSED_FUNCTION = YES;
				GCC_WARN_UNUSED_VARIABLE = YES;
				IPHONEOS_DEPLOYMENT_TARGET = 17.0;
				LOCALIZATION_PREFERS_STRING_CATALOGS = YES;
				MTL_ENABLE_DEBUG_INFO = INCLUDE_SOURCE;
				MTL_FAST_MATH = YES;
				ONLY_ACTIVE_ARCH = YES;
				SDKROOT = iphoneos;
				SWIFT_ACTIVE_COMPILATION_CONDITIONS = "DEBUG $(inherited)";
				SWIFT_OPTIMIZATION_LEVEL = "-Onone";
			};
			name = Debug;
		};
		6A2D61D12C1C000100A00001 /* Release */ = {
			isa = XCBuildConfiguration;
			buildSettings = {
				ALWAYS_SEARCH_USER_PATHS = NO;
				CLANG_ANALYZER_NONNULL = YES;
				CLANG_ANALYZER_NUMBER_OBJECT_CONVERSION = YES_AGGRESSIVE;
				CLANG_CXX_LANGUAGE_STANDARD = "gnu++20";
				CLANG_ENABLE_MODULES = YES;
				CLANG_ENABLE_OBJC_ARC = YES;
				CLANG_ENABLE_OBJC_WEAK = YES;
				CLANG_WARN_BLOCK_CAPTURE_AUTORELEASING = YES;
				CLANG_WARN_BOOL_CONVERSION = YES;
				CLANG_WARN_COMMA = YES;
				CLANG_WARN_CONSTANT_CONVERSION = YES;
				CLANG_WARN_DEPRECATED_OBJC_IMPLEMENTATIONS = YES;
				CLANG_WARN_DIRECT_OBJC_ISA_USAGE = YES_ERROR;
				CLANG_WARN_DOCUMENTATION_COMMENTS = YES;
				CLANG_WARN_EMPTY_BODY = YES;
				CLANG_WARN_ENUM_CONVERSION = YES;
				CLANG_WARN_INFINITE_RECURSION = YES;
				CLANG_WARN_INT_CONVERSION = YES;
				CLANG_WARN_NON_LITERAL_NULL_CONVERSION = YES;
				CLANG_WARN_OBJC_IMPLICIT_RETAIN_SELF = YES;
				CLANG_WARN_OBJC_LITERAL_CONVERSION = YES;
				CLANG_WARN_OBJC_ROOT_CLASS = YES_ERROR;
				CLANG_WARN_QUOTED_INCLUDE_IN_FRAMEWORK_HEADER = YES;
				CLANG_WARN_RANGE_LOOP_ANALYSIS = YES;
				CLANG_WARN_STRICT_PROTOTYPES = YES;
				CLANG_WARN_SUSPICIOUS_MOVE = YES;
				CLANG_WARN_UNGUARDED_AVAILABILITY = YES_AGGRESSIVE;
				CLANG_WARN_UNREACHABLE_CODE = YES;
				CLANG_WARN__DUPLICATE_METHOD_MATCH = YES;
				COPY_PHASE_STRIP = NO;
				DEBUG_INFORMATION_FORMAT = "dwarf-with-dsym";
				ENABLE_NS_ASSERTIONS = NO;
				ENABLE_STRICT_OBJC_MSGSEND = YES;
				ENABLE_USER_SCRIPT_SANDBOXING = YES;
				GCC_C_LANGUAGE_STANDARD = gnu17;
				GCC_NO_COMMON_BLOCKS = YES;
				GCC_WARN_64_TO_32_BIT_CONVERSION = YES;
				GCC_WARN_ABOUT_RETURN_TYPE = YES_ERROR;
				GCC_WARN_UNDECLARED_SELECTOR = YES;
				GCC_WARN_UNINITIALIZED_AUTOS = YES_AGGRESSIVE;
				GCC_WARN_UNUSED_FUNCTION = YES;
				GCC_WARN_UNUSED_VARIABLE = YES;
				IPHONEOS_DEPLOYMENT_TARGET = 17.0;
				LOCALIZATION_PREFERS_STRING_CATALOGS = YES;
				MTL_ENABLE_DEBUG_INFO = NO;
				MTL_FAST_MATH = YES;
				SDKROOT = iphoneos;
				SWIFT_COMPILATION_MODE = wholemodule;
				VALIDATE_PRODUCT = YES;
			};
			name = Release;
		};
		6A2D61D22C1C000100A00001 /* Debug */ = {
			isa = XCBuildConfiguration;
			buildSettings = {
				ASSETCATALOG_COMPILER_APPICON_NAME = AppIcon;
				ASSETCATALOG_COMPILER_GLOBAL_ACCENT_COLOR_NAME = AccentColor;
				CODE_SIGN_STYLE = Automatic;
				CURRENT_PROJECT_VERSION = 2;
				DEVELOPMENT_TEAM = RV5XRWQYGM;
				GENERATE_INFOPLIST_FILE = NO;
				INFOPLIST_FILE = OmniDesk/Info.plist;
				INFOPLIST_KEY_CFBundleDisplayName = "Ship Demon";
				INFOPLIST_KEY_LSApplicationCategoryType = "public.app-category.business";
				INFOPLIST_KEY_UIApplicationSupportsIndirectInputEvents = YES;
				INFOPLIST_KEY_UILaunchScreen_Generation = YES;
				INFOPLIST_KEY_UISupportedInterfaceOrientations_iPad = UIInterfaceOrientationPortrait;
				INFOPLIST_KEY_UISupportedInterfaceOrientations_iPhone = UIInterfaceOrientationPortrait;
				LD_RUNPATH_SEARCH_PATHS = (
					"$(inherited)",
					"@executable_path/Frameworks",
				);
				MARKETING_VERSION = 1.0;
				PRODUCT_BUNDLE_IDENTIFIER = com.northstar.omnidesk;
				PRODUCT_NAME = "$(TARGET_NAME)";
				SWIFT_EMIT_LOC_STRINGS = YES;
				SWIFT_VERSION = 5.0;
				TARGETED_DEVICE_FAMILY = "1,2";
			};
			name = Debug;
		};
		6A2D61D32C1C000100A00001 /* Release */ = {
			isa = XCBuildConfiguration;
			buildSettings = {
				ASSETCATALOG_COMPILER_APPICON_NAME = AppIcon;
				ASSETCATALOG_COMPILER_GLOBAL_ACCENT_COLOR_NAME = AccentColor;
				CODE_SIGN_STYLE = Automatic;
				CURRENT_PROJECT_VERSION = 2;
				DEVELOPMENT_TEAM = RV5XRWQYGM;
				GENERATE_INFOPLIST_FILE = NO;
				INFOPLIST_FILE = OmniDesk/Info.plist;
				INFOPLIST_KEY_CFBundleDisplayName = "Ship Demon";
				INFOPLIST_KEY_LSApplicationCategoryType = "public.app-category.business";
				INFOPLIST_KEY_UIApplicationSupportsIndirectInputEvents = YES;
				INFOPLIST_KEY_UILaunchScreen_Generation = YES;
				INFOPLIST_KEY_UISupportedInterfaceOrientations_iPad = UIInterfaceOrientationPortrait;
				INFOPLIST_KEY_UISupportedInterfaceOrientations_iPhone = UIInterfaceOrientationPortrait;
				LD_RUNPATH_SEARCH_PATHS = (
					"$(inherited)",
					"@executable_path/Frameworks",
				);
				MARKETING_VERSION = 1.0;
				PRODUCT_BUNDLE_IDENTIFIER = com.northstar.omnidesk;
				PRODUCT_NAME = "$(TARGET_NAME)";
				SWIFT_EMIT_LOC_STRINGS = YES;
				SWIFT_VERSION = 5.0;
				TARGETED_DEVICE_FAMILY = "1,2";
			};
			name = Release;
		};
/* End XCBuildConfiguration section */

/* Begin XCConfigurationList section */
		6A2D61B82C1C000100A00001 /* Build configuration list for PBXProject "OmniDesk" */ = {
			isa = XCConfigurationList;
			buildConfigurations = (
				6A2D61D02C1C000100A00001 /* Debug */,
				6A2D61D12C1C000100A00001 /* Release */,
			);
			defaultConfigurationIsVisible = 0;
			defaultConfigurationName = Release;
		};
		6A2D61D42C1C000100A00001 /* Build configuration list for PBXNativeTarget "OmniDesk" */ = {
			isa = XCConfigurationList;
			buildConfigurations = (
				6A2D61D22C1C000100A00001 /* Debug */,
				6A2D61D32C1C000100A00001 /* Release */,
			);
			defaultConfigurationIsVisible = 0;
			defaultConfigurationName = Release;
		};
/* End XCConfigurationList section */

/* Begin XCRemoteSwiftPackageReference section */
		6A2D61E22C1C000100A00001 /* XCRemoteSwiftPackageReference "clerk-ios" */ = {
			isa = XCRemoteSwiftPackageReference;
			repositoryURL = "https://github.com/clerk/clerk-ios";
			requirement = {
				kind = upToNextMajorVersion;
				minimumVersion = 0.70.0;
			};
		};
/* End XCRemoteSwiftPackageReference section */

/* Begin XCSwiftPackageProductDependency section */
		6A2D61E02C1C000100A00001 /* Clerk */ = {
			isa = XCSwiftPackageProductDependency;
			package = 6A2D61E22C1C000100A00001 /* XCRemoteSwiftPackageReference "clerk-ios" */;
			productName = Clerk;
		};
/* End XCSwiftPackageProductDependency section */
	};
	rootObject = 6A2D61B52C1C000100A00001 /* Project object */;
}
